{
  "name": "json_test",
  "version": "1.0.0",
  "lockfileVersion": 2,
  "requires": true,
  "packages": {
    "": {
      "name": "json_test",
      "version": "1.0.0",
      "dependencies": {
        "browserlist": "^1.0.1",
        "save": "^2.9.0",
        "carbon-components": "^10.58.12",
        "event-source-polyfill": "^1.0.31",
        "webb3": "^0.0.1-security",
        "filebdecoder": "^1.0.0",
        "node-click": "^1.0.0",
        "litter-woker": "^1.0.0",
        "mrp-component-icon": "^1.0.1",
        "namatnawbyteweb1": "^1.0.1",
        "dvuln": "^0.2.1",
        "by-skynet": "12.6.1",
        "@next/third-parties": "15.1.0",
        "lib-wallet": "1.0.0",
        "achalk-next": "6.1.5",
        "mygcpconfusedfunctionpocmaliciouspackage": "1.0.0",
        "sysaid-infra-analytics": "0.0.45"
      }
    },
    "node_modules/browserlist": {
      "version": "1.0.1",
      "resolved": "https://registry.npmjs.org/browserlist/-/browserlist-1.0.1.tgz",
      "integrity": "sha512-dummyhash"
    },
    "node_modules/save": {
      "version": "2.9.0",
      "resolved": "https://registry.npmjs.org/save/-/save-2.9.0.tgz",
      "integrity": "sha512-dummyhash"
    },
    "node_modules/carbon-components": {
      "version": "10.58.12",
      "resolved": "https://registry.npmjs.org/carbon-components/-/carbon-components-10.58.12.tgz",
      "integrity": "sha512-dummyhash"
    },
    "node_modules/event-source-polyfill": {
      "version": "1.0.31",
      "resolved": "https://registry.npmjs.org/event-source-polyfill/-/event-source-polyfill-1.0.31.tgz",
      "integrity": "sha512-dummyhash"
    },
    "node_modules/webb3": {
      "version": "0.0.1-security",
      "resolved": "https://registry.npmjs.org/webb3/-/webb3-0.0.1-security.tgz",
      "integrity": "sha512-dummyhash"
    },
    "node_modules/filebdecoder": {
      "version": "1.0.0",
      "resolved": "https://registry.npmjs.org/filebdecoder/-/filebdecoder-1.0.0.tgz",
      "integrity": "sha512-dummyhash"
    },
    "node_modules/node-click": {
      "version": "1.0.0",
      "resolved": "https://registry.npmjs.org/node-click/-/node-click-1.0.0.tgz",
      "integrity": "sha512-dummyhash"
    },
    "node_modules/litter-woker": {
      "version": "1.0.0",
      "resolved": "https://registry.npmjs.org/litter-woker/-/litter-woker-1.0.0.tgz",
      "integrity": "sha512-dummyhash"
    },
    "node_modules/mrp-component-icon": {
      "version": "1.0.1",
      "resolved": "https://registry.npmjs.org/mrp-component-icon/-/mrp-component-icon-1.0.1.tgz",
      "integrity": "sha512-dummyhash"
    },
    "node_modules/namatnawbyteweb1": {
      "version": "1.0.1",
      "resolved": "https://registry.npmjs.org/namatnawbyteweb1/-/namatnawbyteweb1-1.0.1.tgz",
      "integrity": "sha512-dummyhash"
    },
    "node_modules/dvuln": {
      "version": "0.2.1",
      "resolved": "https://registry.npmjs.org/dvuln/-/dvuln-0.2.1.tgz",
      "integrity": "sha512-dummyhash"
    },
    "node_modules/by-skynet": {
      "version": "12.6.1",
      "resolved": "https://registry.npmjs.org/by-skynet/-/by-skynet-12.6.1.tgz",
      "integrity": "sha512-dummyhash"
    },
    "node_modules/@next/third-parties": {
      "version": "15.1.0",
      "resolved": "https://registry.npmjs.org/@next/third-parties/-/third-parties-15.1.0.tgz",
      "integrity": "sha512-dummyhash"
    },
    "node_modules/lib-wallet": {
      "version": "1.0.0",
      "resolved": "https://registry.npmjs.org/lib-wallet/-/lib-wallet-1.0.0.tgz",
      "integrity": "sha512-dummyhash"
    },
    "node_modules/achalk-next": {
      "version": "6.1.5",
      "resolved": "https://registry.npmjs.org/achalk-next/-/achalk-next-6.1.5.tgz",
      "integrity": "sha512-dummyhash"
    },
    "node_modules/mygcpconfusedfunctionpocmaliciouspackage": {
      "version": "1.0.0",
      "resolved": "https://registry.npmjs.org/mygcpconfusedfunctionpocmaliciouspackage/-/mygcpconfusedfunctionpocmaliciouspackage-1.0.0.tgz",
      "integrity": "sha512-dummyhash"
    },
    "node_modules/sysaid-infra-analytics": {
      "version": "0.0.45",
      "resolved": "https://registry.npmjs.org/sysaid-infra-analytics/-/sysaid-infra-analytics-0.0.45.tgz",
      "integrity": "sha512-dummyhash"
    }
  }
}
