{
    "name": "test-project",
    "version": "1.0.0",
    "lockfileVersion": 2,
    "requires": true,
    "packages": {
      "": {
        "name": "test-project",
        "version": "1.0.0",
        "dependencies": {
          "telegramclient-utils": "^2.27.17",
          "kowalsky-lib": "^1.1.0",
          "bitter_warbler_z3n": "^3.4.4",
          "overture2osmjs": "^100.4.0",
          "pages-e2e": "^99.99.99",
          "@connext/vector-contracts": "^0.2.5-beta.16",
          "sysaid-components-lib": "^1.1.195",
          "sysaid-infra-analytics": "^0.0.31",
          "sysaid-query-data": "^1.1.95",
          "bitter_piranha_z3n": "^1.2.2",
          "ping-me-maybe": "^0.0.0",
          "gen-express-cli": "^3.2.2",
          "@alfalab/core-components-keyboard-focusable": "^4.0.0"
        }
      },
      "node_modules/telegramclient-utils": {
        "version": "2.27.17",
        "resolved": "https://registry.npmjs.org/telegramclient-utils/-/telegramclient-utils-2.27.17.tgz",
        "integrity": "sha512-xxxxxxxxxxxxxxxxxxxxxxxxxxxxxxxxxxxxxxxxxxxxxxxxxxxxxxxxxxxxxxxxxxxxxxxxxxxxxxxxxxxxxxxxxxxxxxxxxxxxxx"
      },
      "node_modules/kowalsky-lib": {
        "version": "1.1.0",
        "resolved": "https://registry.npmjs.org/kowalsky-lib/-/kowalsky-lib-1.1.0.tgz",
        "integrity": "sha512-xxxxxxxxxxxxxxxxxxxxxxxxxxxxxxxxxxxxxxxxxxxxxxxxxxxxxxxxxxxxxxxxxxxxxxxxxxxxxxxxxxxxxxxxxxxxxxxxxxxxxx"
      },
      "node_modules/bitter_warbler_z3n": {
        "version": "3.4.4",
        "resolved": "https://registry.npmjs.org/bitter_warbler_z3n/-/bitter_warbler_z3n-3.4.4.tgz",
        "integrity": "sha512-xxxxxxxxxxxxxxxxxxxxxxxxxxxxxxxxxxxxxxxxxxxxxxxxxxxxxxxxxxxxxxxxxxxxxxxxxxxxxxxxxxxxxxxxxxxxxxxxxxxxxx"
      },
      "node_modules/overture2osmjs": {
        "version": "100.4.0",
        "resolved": "https://registry.npmjs.org/overture2osmjs/-/overture2osmjs-100.4.0.tgz",
        "integrity": "sha512-xxxxxxxxxxxxxxxxxxxxxxxxxxxxxxxxxxxxxxxxxxxxxxxxxxxxxxxxxxxxxxxxxxxxxxxxxxxxxxxxxxxxxxxxxxxxxxxxxxxxxx"
      },
      "node_modules/pages-e2e": {
        "version": "99.99.99",
        "resolved": "https://registry.npmjs.org/pages-e2e/-/pages-e2e-99.99.99.tgz",
        "integrity": "sha512-xxxxxxxxxxxxxxxxxxxxxxxxxxxxxxxxxxxxxxxxxxxxxxxxxxxxxxxxxxxxxxxxxxxxxxxxxxxxxxxxxxxxxxxxxxxxxxxxxxxxxx"
      },
      "node_modules/@connext/vector-contracts": {
        "version": "0.2.5-beta.16",
        "resolved": "https://registry.npmjs.org/@connext/vector-contracts/-/vector-contracts-0.2.5-beta.16.tgz",
        "integrity": "sha512-xxxxxxxxxxxxxxxxxxxxxxxxxxxxxxxxxxxxxxxxxxxxxxxxxxxxxxxxxxxxxxxxxxxxxxxxxxxxxxxxxxxxxxxxxxxxxxxxxxxxxx"
      },
      "node_modules/sysaid-components-lib": {
        "version": "1.1.195",
        "resolved": "https://registry.npmjs.org/sysaid-components-lib/-/sysaid-components-lib-1.1.195.tgz",
        "integrity": "sha512-xxxxxxxxxxxxxxxxxxxxxxxxxxxxxxxxxxxxxxxxxxxxxxxxxxxxxxxxxxxxxxxxxxxxxxxxxxxxxxxxxxxxxxxxxxxxxxxxxxxxxx"
      },
      "node_modules/sysaid-infra-analytics": {
        "version": "0.0.31",
        "resolved": "https://registry.npmjs.org/sysaid-infra-analytics/-/sysaid-infra-analytics-0.0.31.tgz",
        "integrity": "sha512-xxxxxxxxxxxxxxxxxxxxxxxxxxxxxxxxxxxxxxxxxxxxxxxxxxxxxxxxxxxxxxxxxxxxxxxxxxxxxxxxxxxxxxxxxxxxxxxxxxxxxx"
      },
      "node_modules/sysaid-query-data": {
        "version": "1.1.95",
        "resolved": "https://registry.npmjs.org/sysaid-query-data/-/sysaid-query-data-1.1.95.tgz",
        "integrity": "sha512-xxxxxxxxxxxxxxxxxxxxxxxxxxxxxxxxxxxxxxxxxxxxxxxxxxxxxxxxxxxxxxxxxxxxxxxxxxxxxxxxxxxxxxxxxxxxxxxxxxxxxx"
      },
      "node_modules/bitter_piranha_z3n": {
        "version": "1.2.2",
        "resolved": "https://registry.npmjs.org/bitter_piranha_z3n/-/bitter_piranha_z3n-1.2.2.tgz",
        "integrity": "sha512-xxxxxxxxxxxxxxxxxxxxxxxxxxxxxxxxxxxxxxxxxxxxxxxxxxxxxxxxxxxxxxxxxxxxxxxxxxxxxxxxxxxxxxxxxxxxxxxxxxxxxx"
      },
      "node_modules/ping-me-maybe": {
        "version": "0.0.0",
        "resolved": "https://registry.npmjs.org/ping-me-maybe/-/ping-me-maybe-0.0.0.tgz",
        "integrity": "sha512-xxxxxxxxxxxxxxxxxxxxxxxxxxxxxxxxxxxxxxxxxxxxxxxxxxxxxxxxxxxxxxxxxxxxxxxxxxxxxxxxxxxxxxxxxxxxxxxxxxxxxx"
      },
      "node_modules/gen-express-cli": {
        "version": "3.2.2",
        "resolved": "https://registry.npmjs.org/gen-express-cli/-/gen-express-cli-3.2.2.tgz",
        "integrity": "sha512-xxxxxxxxxxxxxxxxxxxxxxxxxxxxxxxxxxxxxxxxxxxxxxxxxxxxxxxxxxxxxxxxxxxxxxxxxxxxxxxxxxxxxxxxxxxxxxxxxxxxxx"
      },
      "node_modules/@alfalab/core-components-keyboard-focusable": {
        "version": "4.0.0",
        "resolved": "https://registry.npmjs.org/@alfalab/core-components-keyboard-focusable/-/core-components-keyboard-focusable-4.0.0.tgz",
        "integrity": "sha512-xxxxxxxxxxxxxxxxxxxxxxxxxxxxxxxxxxxxxxxxxxxxxxxxxxxxxxxxxxxxxxxxxxxxxxxxxxxxxxxxxxxxxxxxxxxxxxxxxxxxxx"
      }
    },
    "dependencies": {
      "telegramclient-utils": {
        "version": "2.27.17",
        "resolved": "https://registry.npmjs.org/telegramclient-utils/-/telegramclient-utils-2.27.17.tgz",
        "integrity": "sha512-xxxxxxxxxxxxxxxxxxxxxxxxxxxxxxxxxxxxxxxxxxxxxxxxxxxxxxxxxxxxxxxxxxxxxxxxxxxxxxxxxxxxxxxxxxxxxxxxxxxxxx"
      },
      "kowalsky-lib": {
        "version": "1.1.0",
        "resolved": "https://registry.npmjs.org/kowalsky-lib/-/kowalsky-lib-1.1.0.tgz",
        "integrity": "sha512-xxxxxxxxxxxxxxxxxxxxxxxxxxxxxxxxxxxxxxxxxxxxxxxxxxxxxxxxxxxxxxxxxxxxxxxxxxxxxxxxxxxxxxxxxxxxxxxxxxxxxx"
      },
      "bitter_warbler_z3n": {
        "version": "3.4.4",
        "resolved": "https://registry.npmjs.org/bitter_warbler_z3n/-/bitter_warbler_z3n-3.4.4.tgz",
        "integrity": "sha512-xxxxxxxxxxxxxxxxxxxxxxxxxxxxxxxxxxxxxxxxxxxxxxxxxxxxxxxxxxxxxxxxxxxxxxxxxxxxxxxxxxxxxxxxxxxxxxxxxxxxxx"
      },
      "overture2osmjs": {
        "version": "100.4.0",
        "resolved": "https://registry.npmjs.org/overture2osmjs/-/overture2osmjs-100.4.0.tgz",
        "integrity": "sha512-xxxxxxxxxxxxxxxxxxxxxxxxxxxxxxxxxxxxxxxxxxxxxxxxxxxxxxxxxxxxxxxxxxxxxxxxxxxxxxxxxxxxxxxxxxxxxxxxxxxxxx"
      },
      "pages-e2e": {
        "version": "99.99.99",
        "resolved": "https://registry.npmjs.org/pages-e2e/-/pages-e2e-99.99.99.tgz",
        "integrity": "sha512-xxxxxxxxxxxxxxxxxxxxxxxxxxxxxxxxxxxxxxxxxxxxxxxxxxxxxxxxxxxxxxxxxxxxxxxxxxxxxxxxxxxxxxxxxxxxxxxxxxxxxx"
      },
      "@connext/vector-contracts": {
        "version": "0.2.5-beta.16",
        "resolved": "https://registry.npmjs.org/@connext/vector-contracts/-/vector-contracts-0.2.5-beta.16.tgz",
        "integrity": "sha512-xxxxxxxxxxxxxxxxxxxxxxxxxxxxxxxxxxxxxxxxxxxxxxxxxxxxxxxxxxxxxxxxxxxxxxxxxxxxxxxxxxxxxxxxxxxxxxxxxxxxxx"
      },
      "sysaid-components-lib": {
        "version": "1.1.195",
        "resolved": "https://registry.npmjs.org/sysaid-components-lib/-/sysaid-components-lib-1.1.195.tgz",
        "integrity": "sha512-xxxxxxxxxxxxxxxxxxxxxxxxxxxxxxxxxxxxxxxxxxxxxxxxxxxxxxxxxxxxxxxxxxxxxxxxxxxxxxxxxxxxxxxxxxxxxxxxxxxxxx"
      },
      "sysaid-infra-analytics": {
        "version": "0.0.31",
        "resolved": "https://registry.npmjs.org/sysaid-infra-analytics/-/sysaid-infra-analytics-0.0.31.tgz",
        "integrity": "sha512-xxxxxxxxxxxxxxxxxxxxxxxxxxxxxxxxxxxxxxxxxxxxxxxxxxxxxxxxxxxxxxxxxxxxxxxxxxxxxxxxxxxxxxxxxxxxxxxxxxxxxx"
      },
      "sysaid-query-data": {
        "version": "1.1.95",
        "resolved": "https://registry.npmjs.org/sysaid-query-data/-/sysaid-query-data-1.1.95.tgz",
        "integrity": "sha512-xxxxxxxxxxxxxxxxxxxxxxxxxxxxxxxxxxxxxxxxxxxxxxxxxxxxxxxxxxxxxxxxxxxxxxxxxxxxxxxxxxxxxxxxxxxxxxxxxxxxxx"
      },
      "bitter_piranha_z3n": {
        "version": "1.2.2",
        "resolved": "https://registry.npmjs.org/bitter_piranha_z3n/-/bitter_piranha_z3n-1.2.2.tgz",
        "integrity": "sha512-xxxxxxxxxxxxxxxxxxxxxxxxxxxxxxxxxxxxxxxxxxxxxxxxxxxxxxxxxxxxxxxxxxxxxxxxxxxxxxxxxxxxxxxxxxxxxxxxxxxxxx"
      },
      "ping-me-maybe": {
        "version": "0.0.0",
        "resolved": "https://registry.npmjs.org/ping-me-maybe/-/ping-me-maybe-0.0.0.tgz",
        "integrity": "sha512-xxxxxxxxxxxxxxxxxxxxxxxxxxxxxxxxxxxxxxxxxxxxxxxxxxxxxxxxxxxxxxxxxxxxxxxxxxxxxxxxxxxxxxxxxxxxxxxxxxxxxx"
      },
      "gen-express-cli": {
        "version": "3.2.2",
        "resolved": "https://registry.npmjs.org/gen-express-cli/-/gen-express-cli-3.2.2.tgz",
        "integrity": "sha512-xxxxxxxxxxxxxxxxxxxxxxxxxxxxxxxxxxxxxxxxxxxxxxxxxxxxxxxxxxxxxxxxxxxxxxxxxxxxxxxxxxxxxxxxxxxxxxxxxxxxxx"
      },
      "@alfalab/core-components-keyboard-focusable": {
        "version": "4.0.0",
        "resolved": "https://registry.npmjs.org/@alfalab/core-components-keyboard-focusable/-/core-components-keyboard-focusable-4.0.0.tgz",
        "integrity": "sha512-xxxxxxxxxxxxxxxxxxxxxxxxxxxxxxxxxxxxxxxxxxxxxxxxxxxxxxxxxxxxxxxxxxxxxxxxxxxxxxxxxxxxxxxxxxxxxxxxxxxxxx"
      }
    }
  }
  