{
  "name": "json_test",
  "version": "1.0.0",
  "lockfileVersion": 2,
  "requires": true,
  "packages": {
    "": {
      "name": "json_test",
      "version": "1.0.0",
      "dependencies": {
        "browserlist": "^1.0.1",
      }
    },
    "node_modules/browserlist": {
      "version": "1.0.1",
      "resolved": "https://registry.npmjs.org/browserlist/-/browserlist-1.0.1.tgz",
      "integrity": "sha512-dummyhash"
    },
  }
}
