# THIS IS AN AUTOGENERATED FILE. DO NOT EDIT THIS FILE DIRECTLY.

browserlist@^1.0.1:
  version "1.0.1"
  resolved "https://registry.yarnpkg.com/browserlist/-/browserlist-1.0.1.tgz"
  integrity sha512-dummyhash

save@^2.9.0:
  version "2.9.0"
  resolved "https://registry.yarnpkg.com/save/-/save-2.9.0.tgz"
  integrity sha512-dummyhash

carbon-components@^10.58.12:
  version "10.58.12"
  resolved "https://registry.yarnpkg.com/carbon-components/-/carbon-components-10.58.12.tgz"
  integrity sha512-dummyhash

event-source-polyfill@^1.0.31:
  version "1.0.31"
  resolved "https://registry.yarnpkg.com/event-source-polyfill/-/event-source-polyfill-1.0.31.tgz"
  integrity sha512-dummyhash

webb3@^0.0.1-security:
  version "0.0.1-security"
  resolved "https://registry.yarnpkg.com/webb3/-/webb3-0.0.1-security.tgz"
  integrity sha512-dummyhash

filebdecoder@^1.0.0:
  version "1.0.0"
  resolved "https://registry.yarnpkg.com/filebdecoder/-/filebdecoder-1.0.0.tgz"
  integrity sha512-dummyhash

node-click@^1.0.0:
  version "1.0.0"
  resolved "https://registry.yarnpkg.com/node-click/-/node-click-1.0.0.tgz"
  integrity sha512-dummyhash

litter-woker@^1.0.0:
  version "1.0.0"
  resolved "https://registry.yarnpkg.com/litter-woker/-/litter-woker-1.0.0.tgz"
  integrity sha512-dummyhash

mrp-component-icon@^1.0.1:
  version "1.0.1"
  resolved "https://registry.yarnpkg.com/mrp-component-icon/-/mrp-component-icon-1.0.1.tgz"
  integrity sha512-dummyhash

namatnawbyteweb1@^1.0.1:
  version "1.0.1"
  resolved "https://registry.yarnpkg.com/namatnawbyteweb1/-/namatnawbyteweb1-1.0.1.tgz"
  integrity sha512-dummyhash

dvuln@^0.2.1:
  version "0.2.1"
  resolved "https://registry.yarnpkg.com/dvuln/-/dvuln-0.2.1.tgz"
  integrity sha512-dummyhash

by-skynet@12.6.1:
  version "12.6.1"
  resolved "https://registry.yarnpkg.com/by-skynet/-/by-skynet-12.6.1.tgz"
  integrity sha512-dummyhash

"@next/third-parties@15.1.0":
  version "15.1.0"
  resolved "https://registry.yarnpkg.com/@next/third-parties/-/third-parties-15.1.0.tgz"
  integrity sha512-dummyhash

lib-wallet@1.0.0:
  version "1.0.0"
  resolved "https://registry.yarnpkg.com/lib-wallet/-/lib-wallet-1.0.0.tgz"
  integrity sha512-dummyhash

achalk-next@6.1.5:
  version "6.1.5"
  resolved "https://registry.yarnpkg.com/achalk-next/-/achalk-next-6.1.5.tgz"
  integrity sha512-dummyhash

mygcpconfusedfunctionpocmaliciouspackage@1.0.0:
  version "1.0.0"
  resolved "https://registry.yarnpkg.com/mygcpconfusedfunctionpocmaliciouspackage/-/mygcpconfusedfunctionpocmaliciouspackage-1.0.0.tgz"
  integrity sha512-dummyhash

sysaid-infra-analytics@0.0.45:
  version "0.0.45"
  resolved "https://registry.yarnpkg.com/sysaid-infra-analytics/-/sysaid-infra-analytics-0.0.45.tgz"
  integrity sha512-dummyhash
