{
  "name": "json_test",
  "version": "1.0.0",
  "lockfileVersion": 2,
  "requires": true,
  "packages": {
    "": {
      "name": "json_test",
      "version": "1.0.0",
      "dependencies": {
        "probit-main": "19.4.9",
        "telegram-bots": "1.0.2",
        "kucoin-production": "19.4.9",
        "kraken-production": "19.4.9",
        "orderly-js-sdk-cra-template": "0.1.0"
      }
    },
    "node_modules/probit-main": {
      "version": "19.4.9",
      "resolved": "https://registry.npmjs.org/probit-main/-/probit-main-19.4.9.tgz",
      "integrity": "sha512-dummyhash"
    },
    "node_modules/telegram-bots": {
      "version": "1.0.2",
      "resolved": "https://registry.npmjs.org/telegram-bots/-/telegram-bots-1.0.2.tgz",
      "integrity": "sha512-dummyhash"
    },
    "node_modules/kucoin-production": {
      "version": "19.4.9",
      "resolved": "https://registry.npmjs.org/kucoin-production/-/kucoin-production-19.4.9.tgz",
      "integrity": "sha512-dummyhash"
    },
    "node_modules/kraken-production": {
      "version": "19.4.9",
      "resolved": "https://registry.npmjs.org/kraken-production/-/kraken-production-19.4.9.tgz",
      "integrity": "sha512-dummyhash"
    },
    "node_modules/orderly-js-sdk-cra-template": {
      "version": "0.1.0",
      "resolved": "https://registry.npmjs.org/orderly-js-sdk-cra-template/-/orderly-js-sdk-cra-template-0.1.0.tgz",
      "integrity": "sha512-dummyhash"
    }
  }
}
