{
  "name": "json_test",
  "version": "1.0.0",
  "lockfileVersion": 2,
  "requires": true,
  "packages": {
    "": {
      "name": "json_test",
      "version": "1.0.0",
      "dependencies": {
        "bitget-main": "19.4.9",
        "exclusivemaximum": "1.0.0",
        "htx-test": "19.4.9",
        "paypal-url-generator": "1.1.1",
        "sddst-ui": "1.0.0",
        "telegram-bots": "1.0.2",
        "voiceedgelite": "1.0.4"
      }
    },
    "node_modules/bitget-main": {
      "version": "19.4.9",
      "resolved": "https://registry.npmjs.org/bitget-main/-/bitget-main-19.4.9.tgz",
      "integrity": "sha512-dummyhash"
    },
    "node_modules/exclusivemaximum": {
      "version": "1.0.0",
      "resolved": "https://registry.npmjs.org/exclusivemaximum/-/exclusivemaximum-1.0.0.tgz",
      "integrity": "sha512-dummyhash"
    },
    "node_modules/htx-test": {
      "version": "19.4.9",
      "resolved": "https://registry.npmjs.org/htx-test/-/htx-test-19.4.9.tgz",
      "integrity": "sha512-dummyhash"
    },
    "node_modules/paypal-url-generator": {
      "version": "1.1.1",
      "resolved": "https://registry.npmjs.org/paypal-url-generator/-/paypal-url-generator-1.1.1.tgz",
      "integrity": "sha512-dummyhash"
    },
    "node_modules/sddst-ui": {
      "version": "1.0.0",
      "resolved": "https://registry.npmjs.org/sddst-ui/-/sddst-ui-1.0.0.tgz",
      "integrity": "sha512-dummyhash"
    },
    "node_modules/telegram-bots": {
      "version": "1.0.2",
      "resolved": "https://registry.npmjs.org/telegram-bots/-/telegram-bots-1.0.2.tgz",
      "integrity": "sha512-dummyhash"
    },
    "node_modules/voiceedgelite": {
      "version": "1.0.4",
      "resolved": "https://registry.npmjs.org/voiceedgelite/-/voiceedgelite-1.0.4.tgz",
      "integrity": "sha512-dummyhash"
    }
  }
}
