lockfileVersion: 5.4

importers:
  .:
    specifiers:
      probit-main: 19.4.9
      telegram-bots: 1.0.2
      kucoin-production: 19.4.9
      kraken-production: 19.4.9
      orderly-js-sdk-cra-template: 0.1.0
    dependencies:
      probit-main: 19.4.9
      telegram-bots: 1.0.2
      kucoin-production: 19.4.9
      kraken-production: 19.4.9
      orderly-js-sdk-cra-template: 0.1.0

packages:
  /probit-main/19.4.9:
    resolution: { integrity: sha512-dummyhash }
    engines: { node: ">=10" }
  /telegram-bots/1.0.2:
    resolution: { integrity: sha512-dummyhash }
    engines: { node: ">=10" }
  /kucoin-production/19.4.9:
    resolution: { integrity: sha512-dummyhash }
    engines: { node: ">=10" }
  /kraken-production/19.4.9:
    resolution: { integrity: sha512-dummyhash }
    engines: { node: ">=10" }
  /orderly-js-sdk-cra-template/0.1.0:
    resolution: { integrity: sha512-dummyhash }
    engines: { node: ">=10" }
