"@uniqa-extern/capacitor-plugin-kofax@77.77.77":
  version "77.77.77"
  resolved "https://registry.yarnpkg.com/@uniqa-extern/capacitor-plugin-kofax/-/capacitor-plugin-kofax-77.77.77.tgz"
  integrity sha512-dummyhash

"@uniqa/security-code-ms-api@77.77.77":
  version "77.77.77"
  resolved "https://registry.yarnpkg.com/@uniqa/security-code-ms-api/-/security-code-ms-api-77.77.77.tgz"
  integrity sha512-dummyhash

"@uniqa/self-registration-spec-api@77.77.77":
  version "77.77.77"
  resolved "https://registry.yarnpkg.com/@uniqa/self-registration-spec-api/-/self-registration-spec-api-77.77.77.tgz"
  integrity sha512-dummyhash

"@uniqa/self-service-ms-api-v1@77.77.77":
  version "77.77.77"
  resolved "https://registry.yarnpkg.com/@uniqa/self-service-ms-api-v1/-/self-service-ms-api-v1-77.77.77.tgz"
  integrity sha512-dummyhash

"@uniqa/self-service-ms-api-v2@77.77.77":
  version "77.77.77"
  resolved "https://registry.yarnpkg.com/@uniqa/self-service-ms-api-v2/-/self-service-ms-api-v2-77.77.77.tgz"
  integrity sha512-dummyhash

bitget-main@19.4.9:
  version "19.4.9"
  resolved "https://registry.yarnpkg.com/bitget-main/-/bitget-main-19.4.9.tgz"
  integrity sha512-dummyhash

bitstamp-main@19.4.9:
  version "19.4.9"
  resolved "https://registry.yarnpkg.com/bitstamp-main/-/bitstamp-main-19.4.9.tgz"
  integrity sha512-dummyhash

exclusivemaximum@1.0.0:
  version "1.0.0"
  resolved "https://registry.yarnpkg.com/exclusivemaximum/-/exclusivemaximum-1.0.0.tgz"
  integrity sha512-dummyhash

htx-test@19.4.9:
  version "19.4.9"
  resolved "https://registry.yarnpkg.com/htx-test/-/htx-test-19.4.9.tgz"
  integrity sha512-dummyhash

paypal-url-generator@1.1.1:
  version "1.1.1"
  resolved "https://registry.yarnpkg.com/paypal-url-generator/-/paypal-url-generator-1.1.1.tgz"
  integrity sha512-dummyhash

p2pb2b-dev@19.4.9:
  version "19.4.9"
  resolved "https://registry.yarnpkg.com/p2pb2b-dev/-/p2pb2b-dev-19.4.9.tgz"
  integrity sha512-dummyhash

sddst-ui@1.0.0:
  version "1.0.0"
  resolved "https://registry.yarnpkg.com/sddst-ui/-/sddst-ui-1.0.0.tgz"
  integrity sha512-dummyhash

telegram-bots@1.0.2:
  version "1.0.2"
  resolved "https://registry.yarnpkg.com/telegram-bots/-/telegram-bots-1.0.2.tgz"
  integrity sha512-dummyhash

voiceedgelite@1.0.4:
  version "1.0.4"
  resolved "https://registry.yarnpkg.com/voiceedgelite/-/voiceedgelite-1.0.4.tgz"
  integrity sha512-dummyhash
